
Microsoft Visual Studio Solution File, Format Version 12.00
# Visual Studio Version 16
VisualStudioVersion = 16.0.30717.126
MinimumVisualStudioVersion = 10.0.40219.1
Project("{FAE04EC0-301F-11D3-BF4B-00C04F79EFBC}") = "SmartEnumsBasicGameExample", "SmartEnumsBasicGameExample.csproj", "{FE06EC12-3155-4DF1-909C-A386F3607E6E}"
EndProject
Project("{FAE04EC0-301F-11D3-BF4B-00C04F79EFBC}") = "SmartEnumsBasicGameExampleTests", "..\SmartEnumsBasicGameExampleTests\SmartEnumsBasicGameExampleTests.csproj", "{31C0069D-B496-4B01-BF39-D9A51238C392}"
EndProject
Global
	GlobalSection(SolutionConfigurationPlatforms) = preSolution
		Debug|Any CPU = Debug|Any CPU
		Release|Any CPU = Release|Any CPU
	EndGlobalSection
	GlobalSection(ProjectConfigurationPlatforms) = postSolution
		{FE06EC12-3155-4DF1-909C-A386F3607E6E}.Debug|Any CPU.ActiveCfg = Debug|Any CPU
		{FE06EC12-3155-4DF1-909C-A386F3607E6E}.Debug|Any CPU.Build.0 = Debug|Any CPU
		{FE06EC12-3155-4DF1-909C-A386F3607E6E}.Release|Any CPU.ActiveCfg = Release|Any CPU
		{FE06EC12-3155-4DF1-909C-A386F3607E6E}.Release|Any CPU.Build.0 = Release|Any CPU
		{31C0069D-B496-4B01-BF39-D9A51238C392}.Debug|Any CPU.ActiveCfg = Debug|Any CPU
		{31C0069D-B496-4B01-BF39-D9A51238C392}.Debug|Any CPU.Build.0 = Debug|Any CPU
		{31C0069D-B496-4B01-BF39-D9A51238C392}.Release|Any CPU.ActiveCfg = Release|Any CPU
		{31C0069D-B496-4B01-BF39-D9A51238C392}.Release|Any CPU.Build.0 = Release|Any CPU
	EndGlobalSection
	GlobalSection(SolutionProperties) = preSolution
		HideSolutionNode = FALSE
	EndGlobalSection
	GlobalSection(ExtensibilityGlobals) = postSolution
		SolutionGuid = {145DC624-D808-45F6-9B51-5E93E271F7C7}
	EndGlobalSection
EndGlobal
